
Microsoft Visual Studio Solution File, Format Version 12.00
# Visual Studio 15
VisualStudioVersion = 15.0.28307.779
MinimumVisualStudioVersion = 10.0.40219.1
Project("{8BC9CEB8-8B4A-11D0-8D11-00A0C91BC942}") = "Project1", "Project1\Project1.vcxproj", "{4A30D8D0-5F30-4D29-83C0-D0E3D7107E71}"
EndProject
Global
	GlobalSection(SolutionConfigurationPlatforms) = preSolution
		Debug|x64 = Debug|x64
		Debug|x86 = Debug|x86
		Release|x64 = Release|x64
		Release|x86 = Release|x86
	EndGlobalSection
	GlobalSection(ProjectConfigurationPlatforms) = postSolution
		{4A30D8D0-5F30-4D29-83C0-D0E3D7107E71}.Debug|x64.ActiveCfg = Debug|x64
		{4A30D8D0-5F30-4D29-83C0-D0E3D7107E71}.Debug|x64.Build.0 = Debug|x64
		{4A30D8D0-5F30-4D29-83C0-D0E3D7107E71}.Debug|x86.ActiveCfg = Debug|Win32
		{4A30D8D0-5F30-4D29-83C0-D0E3D7107E71}.Debug|x86.Build.0 = Debug|Win32
		{4A30D8D0-5F30-4D29-83C0-D0E3D7107E71}.Release|x64.ActiveCfg = Release|x64
		{4A30D8D0-5F30-4D29-83C0-D0E3D7107E71}.Release|x64.Build.0 = Release|x64
		{4A30D8D0-5F30-4D29-83C0-D0E3D7107E71}.Release|x86.ActiveCfg = Release|Win32
		{4A30D8D0-5F30-4D29-83C0-D0E3D7107E71}.Release|x86.Build.0 = Release|Win32
	EndGlobalSection
	GlobalSection(SolutionProperties) = preSolution
		HideSolutionNode = FALSE
	EndGlobalSection
	GlobalSection(ExtensibilityGlobals) = postSolution
		SolutionGuid = {FD0A7EDE-A473-4DCB-8FA8-9476F9258F9E}
	EndGlobalSection
EndGlobal
